
Microsoft Visual Studio Solution File, Format Version 11.00
# Visual Studio 2010
Project("{FAE04EC0-301F-11D3-BF4B-00C04F79EFBC}") = "Management", "Management.csproj", "{65542D9A-EAF5-4C4F-BC01-DCF540238673}"
EndProject
Project("{FAE04EC0-301F-11D3-BF4B-00C04F79EFBC}") = "TNLibrary.SYS", "..\TNLibrary\TNLibrary.SYS\TNLibrary.SYS.csproj", "{821E12E5-D3D5-4DBD-AF0A-594042CB7064}"
EndProject
Project("{FAE04EC0-301F-11D3-BF4B-00C04F79EFBC}") = "TNLibrary.Fields", "..\TNLibrary\TNLibrary.Fields\TNLibrary.Fields.csproj", "{9E16A25C-3EE5-43ED-A3F3-0E1A6CBC27EC}"
EndProject
Project("{FAE04EC0-301F-11D3-BF4B-00C04F79EFBC}") = "TNLibrary.Culture", "..\TNLibrary\TNLibrary.Culture\TNLibrary.Culture.csproj", "{CC36CF88-D5C0-49B2-ACBD-B79B65786180}"
EndProject
Project("{FAE04EC0-301F-11D3-BF4B-00C04F79EFBC}") = "TNLibrary.Categories", "..\TNLibrary\TNLibrary.Categories\TNLibrary.Categories.csproj", "{79B8D922-B71E-4218-90E7-A90F372C28AD}"
EndProject
Project("{FAE04EC0-301F-11D3-BF4B-00C04F79EFBC}") = "TNConfig", "..\TNConfig\TNConfig.csproj", "{DFF061E9-230B-46B7-BCAD-E342E40F8177}"
EndProject
Project("{FAE04EC0-301F-11D3-BF4B-00C04F79EFBC}") = "TNLibrary.WEB", "..\TNLibrary\TNLibrary.WEB\TNLibrary.WEB.csproj", "{A2BF5C92-EF48-4CB2-9802-08BA982B616F}"
EndProject
Global
	GlobalSection(SolutionConfigurationPlatforms) = preSolution
		Debug|Any CPU = Debug|Any CPU
		Release|Any CPU = Release|Any CPU
	EndGlobalSection
	GlobalSection(ProjectConfigurationPlatforms) = postSolution
		{65542D9A-EAF5-4C4F-BC01-DCF540238673}.Debug|Any CPU.ActiveCfg = Debug|Any CPU
		{65542D9A-EAF5-4C4F-BC01-DCF540238673}.Debug|Any CPU.Build.0 = Debug|Any CPU
		{65542D9A-EAF5-4C4F-BC01-DCF540238673}.Release|Any CPU.ActiveCfg = Release|Any CPU
		{65542D9A-EAF5-4C4F-BC01-DCF540238673}.Release|Any CPU.Build.0 = Release|Any CPU
		{821E12E5-D3D5-4DBD-AF0A-594042CB7064}.Debug|Any CPU.ActiveCfg = Debug|Any CPU
		{821E12E5-D3D5-4DBD-AF0A-594042CB7064}.Debug|Any CPU.Build.0 = Debug|Any CPU
		{821E12E5-D3D5-4DBD-AF0A-594042CB7064}.Release|Any CPU.ActiveCfg = Release|Any CPU
		{821E12E5-D3D5-4DBD-AF0A-594042CB7064}.Release|Any CPU.Build.0 = Release|Any CPU
		{9E16A25C-3EE5-43ED-A3F3-0E1A6CBC27EC}.Debug|Any CPU.ActiveCfg = Debug|Any CPU
		{9E16A25C-3EE5-43ED-A3F3-0E1A6CBC27EC}.Debug|Any CPU.Build.0 = Debug|Any CPU
		{9E16A25C-3EE5-43ED-A3F3-0E1A6CBC27EC}.Release|Any CPU.ActiveCfg = Release|Any CPU
		{9E16A25C-3EE5-43ED-A3F3-0E1A6CBC27EC}.Release|Any CPU.Build.0 = Release|Any CPU
		{CC36CF88-D5C0-49B2-ACBD-B79B65786180}.Debug|Any CPU.ActiveCfg = Debug|Any CPU
		{CC36CF88-D5C0-49B2-ACBD-B79B65786180}.Debug|Any CPU.Build.0 = Debug|Any CPU
		{CC36CF88-D5C0-49B2-ACBD-B79B65786180}.Release|Any CPU.ActiveCfg = Release|Any CPU
		{CC36CF88-D5C0-49B2-ACBD-B79B65786180}.Release|Any CPU.Build.0 = Release|Any CPU
		{79B8D922-B71E-4218-90E7-A90F372C28AD}.Debug|Any CPU.ActiveCfg = Debug|Any CPU
		{79B8D922-B71E-4218-90E7-A90F372C28AD}.Debug|Any CPU.Build.0 = Debug|Any CPU
		{79B8D922-B71E-4218-90E7-A90F372C28AD}.Release|Any CPU.ActiveCfg = Release|Any CPU
		{79B8D922-B71E-4218-90E7-A90F372C28AD}.Release|Any CPU.Build.0 = Release|Any CPU
		{DFF061E9-230B-46B7-BCAD-E342E40F8177}.Debug|Any CPU.ActiveCfg = Debug|Any CPU
		{DFF061E9-230B-46B7-BCAD-E342E40F8177}.Debug|Any CPU.Build.0 = Debug|Any CPU
		{DFF061E9-230B-46B7-BCAD-E342E40F8177}.Release|Any CPU.ActiveCfg = Release|Any CPU
		{DFF061E9-230B-46B7-BCAD-E342E40F8177}.Release|Any CPU.Build.0 = Release|Any CPU
		{A2BF5C92-EF48-4CB2-9802-08BA982B616F}.Debug|Any CPU.ActiveCfg = Debug|Any CPU
		{A2BF5C92-EF48-4CB2-9802-08BA982B616F}.Debug|Any CPU.Build.0 = Debug|Any CPU
		{A2BF5C92-EF48-4CB2-9802-08BA982B616F}.Release|Any CPU.ActiveCfg = Release|Any CPU
		{A2BF5C92-EF48-4CB2-9802-08BA982B616F}.Release|Any CPU.Build.0 = Release|Any CPU
	EndGlobalSection
	GlobalSection(SolutionProperties) = preSolution
		HideSolutionNode = FALSE
	EndGlobalSection
EndGlobal
